
Microsoft Visual Studio Solution File, Format Version 12.00
# Visual Studio Version 17
VisualStudioVersion = 17.5.002.0
MinimumVisualStudioVersion = 10.0.40219.1
Project("{9A19103F-16F7-4668-BE54-9A1E7A4F7556}") = "task00", "task00.csproj", "{AEBED9E6-9F39-4EB1-BB8A-A1484CB3FC2A}"
EndProject
Global
	GlobalSection(SolutionConfigurationPlatforms) = preSolution
		Debug|Any CPU = Debug|Any CPU
		Release|Any CPU = Release|Any CPU
	EndGlobalSection
	GlobalSection(ProjectConfigurationPlatforms) = postSolution
		{AEBED9E6-9F39-4EB1-BB8A-A1484CB3FC2A}.Debug|Any CPU.ActiveCfg = Debug|Any CPU
		{AEBED9E6-9F39-4EB1-BB8A-A1484CB3FC2A}.Debug|Any CPU.Build.0 = Debug|Any CPU
		{AEBED9E6-9F39-4EB1-BB8A-A1484CB3FC2A}.Release|Any CPU.ActiveCfg = Release|Any CPU
		{AEBED9E6-9F39-4EB1-BB8A-A1484CB3FC2A}.Release|Any CPU.Build.0 = Release|Any CPU
	EndGlobalSection
	GlobalSection(SolutionProperties) = preSolution
		HideSolutionNode = FALSE
	EndGlobalSection
	GlobalSection(ExtensibilityGlobals) = postSolution
		SolutionGuid = {443C0D78-C778-4720-AC3D-6D5B0DCDB920}
	EndGlobalSection
EndGlobal
